// !$*UTF8*$!
{
	archiveVersion = 1;
	classes = {
	};
	objectVersion = 56;
	objects = {

/* Begin PBXBuildFile section */
		C5194CDB2AF437B90004F64E /* AppDelegate.swift in Sources */ = {isa = PBXBuildFile; fileRef = C5194CDA2AF437B90004F64E /* AppDelegate.swift */; };
		C5194CDD2AF437B90004F64E /* SceneDelegate.swift in Sources */ = {isa = PBXBuildFile; fileRef = C5194CDC2AF437B90004F64E /* SceneDelegate.swift */; };
		C5194CDF2AF437B90004F64E /* BonusViewController.swift in Sources */ = {isa = PBXBuildFile; fileRef = C5194CDE2AF437B90004F64E /* BonusViewController.swift */; };
		C5194CE22AF437B90004F64E /* Main.storyboard in Resources */ = {isa = PBXBuildFile; fileRef = C5194CE02AF437B90004F64E /* Main.storyboard */; };
		C5194CE42AF437BB0004F64E /* Assets.xcassets in Resources */ = {isa = PBXBuildFile; fileRef = C5194CE32AF437BB0004F64E /* Assets.xcassets */; };
		C5194CE72AF437BB0004F64E /* LaunchScreen.storyboard in Resources */ = {isa = PBXBuildFile; fileRef = C5194CE52AF437BB0004F64E /* LaunchScreen.storyboard */; };
		C5194CF22AF438B80004F64E /* SearchViewController.swift in Sources */ = {isa = PBXBuildFile; fileRef = C5194CF12AF438B80004F64E /* SearchViewController.swift */; };
		C5194CF42AF439020004F64E /* ModuleBuilder.swift in Sources */ = {isa = PBXBuildFile; fileRef = C5194CF32AF439020004F64E /* ModuleBuilder.swift */; };
		C5194CF92AF43CBF0004F64E /* SearchTableViewCell.swift in Sources */ = {isa = PBXBuildFile; fileRef = C5194CF72AF43CBF0004F64E /* SearchTableViewCell.swift */; };
		C5194CFA2AF43CBF0004F64E /* SearchTableViewCell.xib in Resources */ = {isa = PBXBuildFile; fileRef = C5194CF82AF43CBF0004F64E /* SearchTableViewCell.xib */; };
		C5194CFC2AF443190004F64E /* SearchPresenter.swift in Sources */ = {isa = PBXBuildFile; fileRef = C5194CFB2AF443190004F64E /* SearchPresenter.swift */; };
		C5194CFE2AF51C730004F64E /* ConctactModel.swift in Sources */ = {isa = PBXBuildFile; fileRef = C5194CFD2AF51C730004F64E /* ConctactModel.swift */; };
		C5194D002AF51DE20004F64E /* ConctactsFetch.swift in Sources */ = {isa = PBXBuildFile; fileRef = C5194CFF2AF51DE20004F64E /* ConctactsFetch.swift */; };
		C5194D0A2AF683290004F64E /* BonusTableViewCell.xib in Resources */ = {isa = PBXBuildFile; fileRef = C5194D082AF683290004F64E /* BonusTableViewCell.xib */; };
		C5194D0D2AF694610004F64E /* BonusPresenter.swift in Sources */ = {isa = PBXBuildFile; fileRef = C5194D0C2AF694610004F64E /* BonusPresenter.swift */; };
		C5194D0F2AF6B4B80004F64E /* BonussViewCell.swift in Sources */ = {isa = PBXBuildFile; fileRef = C5194D0E2AF6B4B80004F64E /* BonussViewCell.swift */; };
/* End PBXBuildFile section */

/* Begin PBXFileReference section */
		C5194CD72AF437B90004F64E /* testApp_UIKit.app */ = {isa = PBXFileReference; explicitFileType = wrapper.application; includeInIndex = 0; path = testApp_UIKit.app; sourceTree = BUILT_PRODUCTS_DIR; };
		C5194CDA2AF437B90004F64E /* AppDelegate.swift */ = {isa = PBXFileReference; lastKnownFileType = sourcecode.swift; path = AppDelegate.swift; sourceTree = "<group>"; };
		C5194CDC2AF437B90004F64E /* SceneDelegate.swift */ = {isa = PBXFileReference; lastKnownFileType = sourcecode.swift; path = SceneDelegate.swift; sourceTree = "<group>"; };
		C5194CDE2AF437B90004F64E /* BonusViewController.swift */ = {isa = PBXFileReference; lastKnownFileType = sourcecode.swift; path = BonusViewController.swift; sourceTree = "<group>"; };
		C5194CE12AF437B90004F64E /* Base */ = {isa = PBXFileReference; lastKnownFileType = file.storyboard; name = Base; path = Base.lproj/Main.storyboard; sourceTree = "<group>"; };
		C5194CE32AF437BB0004F64E /* Assets.xcassets */ = {isa = PBXFileReference; lastKnownFileType = folder.assetcatalog; path = Assets.xcassets; sourceTree = "<group>"; };
		C5194CE62AF437BB0004F64E /* Base */ = {isa = PBXFileReference; lastKnownFileType = file.storyboard; name = Base; path = Base.lproj/LaunchScreen.storyboard; sourceTree = "<group>"; };
		C5194CE82AF437BB0004F64E /* Info.plist */ = {isa = PBXFileReference; lastKnownFileType = text.plist.xml; path = Info.plist; sourceTree = "<group>"; };
		C5194CF12AF438B80004F64E /* SearchViewController.swift */ = {isa = PBXFileReference; lastKnownFileType = sourcecode.swift; path = SearchViewController.swift; sourceTree = "<group>"; };
		C5194CF32AF439020004F64E /* ModuleBuilder.swift */ = {isa = PBXFileReference; lastKnownFileType = sourcecode.swift; path = ModuleBuilder.swift; sourceTree = "<group>"; };
		C5194CF72AF43CBF0004F64E /* SearchTableViewCell.swift */ = {isa = PBXFileReference; lastKnownFileType = sourcecode.swift; path = SearchTableViewCell.swift; sourceTree = "<group>"; };
		C5194CF82AF43CBF0004F64E /* SearchTableViewCell.xib */ = {isa = PBXFileReference; lastKnownFileType = file.xib; path = SearchTableViewCell.xib; sourceTree = "<group>"; };
		C5194CFB2AF443190004F64E /* SearchPresenter.swift */ = {isa = PBXFileReference; lastKnownFileType = sourcecode.swift; path = SearchPresenter.swift; sourceTree = "<group>"; };
		C5194CFD2AF51C730004F64E /* ConctactModel.swift */ = {isa = PBXFileReference; lastKnownFileType = sourcecode.swift; path = ConctactModel.swift; sourceTree = "<group>"; };
		C5194CFF2AF51DE20004F64E /* ConctactsFetch.swift */ = {isa = PBXFileReference; lastKnownFileType = sourcecode.swift; path = ConctactsFetch.swift; sourceTree = "<group>"; };
		C5194D082AF683290004F64E /* BonusTableViewCell.xib */ = {isa = PBXFileReference; lastKnownFileType = file.xib; path = BonusTableViewCell.xib; sourceTree = "<group>"; };
		C5194D0C2AF694610004F64E /* BonusPresenter.swift */ = {isa = PBXFileReference; lastKnownFileType = sourcecode.swift; path = BonusPresenter.swift; sourceTree = "<group>"; };
		C5194D0E2AF6B4B80004F64E /* BonussViewCell.swift */ = {isa = PBXFileReference; lastKnownFileType = sourcecode.swift; path = BonussViewCell.swift; sourceTree = "<group>"; };
/* End PBXFileReference section */

/* Begin PBXFrameworksBuildPhase section */
		C5194CD42AF437B90004F64E /* Frameworks */ = {
			isa = PBXFrameworksBuildPhase;
			buildActionMask = 2147483647;
			files = (
			);
			runOnlyForDeploymentPostprocessing = 0;
		};
/* End PBXFrameworksBuildPhase section */

/* Begin PBXGroup section */
		C5194CCE2AF437B90004F64E = {
			isa = PBXGroup;
			children = (
				C5194CD92AF437B90004F64E /* testApp_UIKit */,
				C5194CD82AF437B90004F64E /* Products */,
			);
			sourceTree = "<group>";
		};
		C5194CD82AF437B90004F64E /* Products */ = {
			isa = PBXGroup;
			children = (
				C5194CD72AF437B90004F64E /* testApp_UIKit.app */,
			);
			name = Products;
			sourceTree = "<group>";
		};
		C5194CD92AF437B90004F64E /* testApp_UIKit */ = {
			isa = PBXGroup;
			children = (
				C5194D042AF5C8F50004F64E /* Helpers */,
				C5194D022AF5C5F20004F64E /* Application */,
				C5194D012AF5C5990004F64E /* Resources */,
				C5194CF02AF438920004F64E /* Presenter */,
				C5194CEF2AF4387C0004F64E /* View */,
				C5194CEE2AF438620004F64E /* Model */,
				C5194CE82AF437BB0004F64E /* Info.plist */,
				C5194CE02AF437B90004F64E /* Main.storyboard */,
			);
			path = testApp_UIKit;
			sourceTree = "<group>";
		};
		C5194CEE2AF438620004F64E /* Model */ = {
			isa = PBXGroup;
			children = (
				C5194CFD2AF51C730004F64E /* ConctactModel.swift */,
			);
			path = Model;
			sourceTree = "<group>";
		};
		C5194CEF2AF4387C0004F64E /* View */ = {
			isa = PBXGroup;
			children = (
				C5194D052AF681E50004F64E /* BonusView */,
				C5194CF52AF439BB0004F64E /* SearchTab */,
			);
			path = View;
			sourceTree = "<group>";
		};
		C5194CF02AF438920004F64E /* Presenter */ = {
			isa = PBXGroup;
			children = (
				C5194CFB2AF443190004F64E /* SearchPresenter.swift */,
				C5194D0C2AF694610004F64E /* BonusPresenter.swift */,
			);
			path = Presenter;
			sourceTree = "<group>";
		};
		C5194CF52AF439BB0004F64E /* SearchTab */ = {
			isa = PBXGroup;
			children = (
				C5194CF12AF438B80004F64E /* SearchViewController.swift */,
				C5194CF62AF43C790004F64E /* SearchTableViewCell */,
			);
			path = SearchTab;
			sourceTree = "<group>";
		};
		C5194CF62AF43C790004F64E /* SearchTableViewCell */ = {
			isa = PBXGroup;
			children = (
				C5194CF72AF43CBF0004F64E /* SearchTableViewCell.swift */,
				C5194CF82AF43CBF0004F64E /* SearchTableViewCell.xib */,
			);
			path = SearchTableViewCell;
			sourceTree = "<group>";
		};
		C5194D012AF5C5990004F64E /* Resources */ = {
			isa = PBXGroup;
			children = (
				C5194CE32AF437BB0004F64E /* Assets.xcassets */,
				C5194CE52AF437BB0004F64E /* LaunchScreen.storyboard */,
			);
			path = Resources;
			sourceTree = "<group>";
		};
		C5194D022AF5C5F20004F64E /* Application */ = {
			isa = PBXGroup;
			children = (
				C5194CDA2AF437B90004F64E /* AppDelegate.swift */,
				C5194CDC2AF437B90004F64E /* SceneDelegate.swift */,
			);
			path = Application;
			sourceTree = "<group>";
		};
		C5194D042AF5C8F50004F64E /* Helpers */ = {
			isa = PBXGroup;
			children = (
				C5194CF32AF439020004F64E /* ModuleBuilder.swift */,
				C5194CFF2AF51DE20004F64E /* ConctactsFetch.swift */,
			);
			path = Helpers;
			sourceTree = "<group>";
		};
		C5194D052AF681E50004F64E /* BonusView */ = {
			isa = PBXGroup;
			children = (
				C5194CDE2AF437B90004F64E /* BonusViewController.swift */,
				C5194D062AF682F10004F64E /* BonusTableViewCell */,
			);
			path = BonusView;
			sourceTree = "<group>";
		};
		C5194D062AF682F10004F64E /* BonusTableViewCell */ = {
			isa = PBXGroup;
			children = (
				C5194D082AF683290004F64E /* BonusTableViewCell.xib */,
				C5194D0E2AF6B4B80004F64E /* BonussViewCell.swift */,
			);
			path = BonusTableViewCell;
			sourceTree = "<group>";
		};
/* End PBXGroup section */

/* Begin PBXNativeTarget section */
		C5194CD62AF437B90004F64E /* testApp_UIKit */ = {
			isa = PBXNativeTarget;
			buildConfigurationList = C5194CEB2AF437BB0004F64E /* Build configuration list for PBXNativeTarget "testApp_UIKit" */;
			buildPhases = (
				C5194CD32AF437B90004F64E /* Sources */,
				C5194CD42AF437B90004F64E /* Frameworks */,
				C5194CD52AF437B90004F64E /* Resources */,
			);
			buildRules = (
			);
			dependencies = (
			);
			name = testApp_UIKit;
			productName = testApp_UIKit;
			productReference = C5194CD72AF437B90004F64E /* testApp_UIKit.app */;
			productType = "com.apple.product-type.application";
		};
/* End PBXNativeTarget section */

/* Begin PBXProject section */
		C5194CCF2AF437B90004F64E /* Project object */ = {
			isa = PBXProject;
			attributes = {
				BuildIndependentTargetsInParallel = 1;
				LastSwiftUpdateCheck = 1500;
				LastUpgradeCheck = 1500;
				TargetAttributes = {
					C5194CD62AF437B90004F64E = {
						CreatedOnToolsVersion = 15.0.1;
					};
				};
			};
			buildConfigurationList = C5194CD22AF437B90004F64E /* Build configuration list for PBXProject "testApp_UIKit" */;
			compatibilityVersion = "Xcode 14.0";
			developmentRegion = en;
			hasScannedForEncodings = 0;
			knownRegions = (
				en,
				Base,
			);
			mainGroup = C5194CCE2AF437B90004F64E;
			productRefGroup = C5194CD82AF437B90004F64E /* Products */;
			projectDirPath = "";
			projectRoot = "";
			targets = (
				C5194CD62AF437B90004F64E /* testApp_UIKit */,
			);
		};
/* End PBXProject section */

/* Begin PBXResourcesBuildPhase section */
		C5194CD52AF437B90004F64E /* Resources */ = {
			isa = PBXResourcesBuildPhase;
			buildActionMask = 2147483647;
			files = (
				C5194CE72AF437BB0004F64E /* LaunchScreen.storyboard in Resources */,
				C5194D0A2AF683290004F64E /* BonusTableViewCell.xib in Resources */,
				C5194CFA2AF43CBF0004F64E /* SearchTableViewCell.xib in Resources */,
				C5194CE42AF437BB0004F64E /* Assets.xcassets in Resources */,
				C5194CE22AF437B90004F64E /* Main.storyboard in Resources */,
			);
			runOnlyForDeploymentPostprocessing = 0;
		};
/* End PBXResourcesBuildPhase section */

/* Begin PBXSourcesBuildPhase section */
		C5194CD32AF437B90004F64E /* Sources */ = {
			isa = PBXSourcesBuildPhase;
			buildActionMask = 2147483647;
			files = (
				C5194D002AF51DE20004F64E /* ConctactsFetch.swift in Sources */,
				C5194CDF2AF437B90004F64E /* BonusViewController.swift in Sources */,
				C5194CDB2AF437B90004F64E /* AppDelegate.swift in Sources */,
				C5194CF22AF438B80004F64E /* SearchViewController.swift in Sources */,
				C5194D0F2AF6B4B80004F64E /* BonussViewCell.swift in Sources */,
				C5194CF92AF43CBF0004F64E /* SearchTableViewCell.swift in Sources */,
				C5194D0D2AF694610004F64E /* BonusPresenter.swift in Sources */,
				C5194CF42AF439020004F64E /* ModuleBuilder.swift in Sources */,
				C5194CDD2AF437B90004F64E /* SceneDelegate.swift in Sources */,
				C5194CFE2AF51C730004F64E /* ConctactModel.swift in Sources */,
				C5194CFC2AF443190004F64E /* SearchPresenter.swift in Sources */,
			);
			runOnlyForDeploymentPostprocessing = 0;
		};
/* End PBXSourcesBuildPhase section */

/* Begin PBXVariantGroup section */
		C5194CE02AF437B90004F64E /* Main.storyboard */ = {
			isa = PBXVariantGroup;
			children = (
				C5194CE12AF437B90004F64E /* Base */,
			);
			name = Main.storyboard;
			sourceTree = "<group>";
		};
		C5194CE52AF437BB0004F64E /* LaunchScreen.storyboard */ = {
			isa = PBXVariantGroup;
			children = (
				C5194CE62AF437BB0004F64E /* Base */,
			);
			name = LaunchScreen.storyboard;
			sourceTree = "<group>";
		};
/* End PBXVariantGroup section */

/* Begin XCBuildConfiguration section */
		C5194CE92AF437BB0004F64E /* Debug */ = {
			isa = XCBuildConfiguration;
			buildSettings = {
				ALWAYS_SEARCH_USER_PATHS = NO;
				ASSETCATALOG_COMPILER_GENERATE_SWIFT_ASSET_SYMBOL_EXTENSIONS = YES;
				CLANG_ANALYZER_NONNULL = YES;
				CLANG_ANALYZER_NUMBER_OBJECT_CONVERSION = YES_AGGRESSIVE;
				CLANG_CXX_LANGUAGE_STANDARD = "gnu++20";
				CLANG_ENABLE_MODULES = YES;
				CLANG_ENABLE_OBJC_ARC = YES;
				CLANG_ENABLE_OBJC_WEAK = YES;
				CLANG_WARN_BLOCK_CAPTURE_AUTORELEASING = YES;
				CLANG_WARN_BOOL_CONVERSION = YES;
				CLANG_WARN_COMMA = YES;
				CLANG_WARN_CONSTANT_CONVERSION = YES;
				CLANG_WARN_DEPRECATED_OBJC_IMPLEMENTATIONS = YES;
				CLANG_WARN_DIRECT_OBJC_ISA_USAGE = YES_ERROR;
				CLANG_WARN_DOCUMENTATION_COMMENTS = YES;
				CLANG_WARN_EMPTY_BODY = YES;
				CLANG_WARN_ENUM_CONVERSION = YES;
				CLANG_WARN_INFINITE_RECURSION = YES;
				CLANG_WARN_INT_CONVERSION = YES;
				CLANG_WARN_NON_LITERAL_NULL_CONVERSION = YES;
				CLANG_WARN_OBJC_IMPLICIT_RETAIN_SELF = YES;
				CLANG_WARN_OBJC_LITERAL_CONVERSION = YES;
				CLANG_WARN_OBJC_ROOT_CLASS = YES_ERROR;
				CLANG_WARN_QUOTED_INCLUDE_IN_FRAMEWORK_HEADER = YES;
				CLANG_WARN_RANGE_LOOP_ANALYSIS = YES;
				CLANG_WARN_STRICT_PROTOTYPES = YES;
				CLANG_WARN_SUSPICIOUS_MOVE = YES;
				CLANG_WARN_UNGUARDED_AVAILABILITY = YES_AGGRESSIVE;
				CLANG_WARN_UNREACHABLE_CODE = YES;
				CLANG_WARN__DUPLICATE_METHOD_MATCH = YES;
				COPY_PHASE_STRIP = NO;
				DEBUG_INFORMATION_FORMAT = dwarf;
				ENABLE_STRICT_OBJC_MSGSEND = YES;
				ENABLE_TESTABILITY = YES;
				ENABLE_USER_SCRIPT_SANDBOXING = YES;
				GCC_C_LANGUAGE_STANDARD = gnu17;
				GCC_DYNAMIC_NO_PIC = NO;
				GCC_NO_COMMON_BLOCKS = YES;
				GCC_OPTIMIZATION_LEVEL = 0;
				GCC_PREPROCESSOR_DEFINITIONS = (
					"DEBUG=1",
					"$(inherited)",
				);
				GCC_WARN_64_TO_32_BIT_CONVERSION = YES;
				GCC_WARN_ABOUT_RETURN_TYPE = YES_ERROR;
				GCC_WARN_UNDECLARED_SELECTOR = YES;
				GCC_WARN_UNINITIALIZED_AUTOS = YES_AGGRESSIVE;
				GCC_WARN_UNUSED_FUNCTION = YES;
				GCC_WARN_UNUSED_VARIABLE = YES;
				IPHONEOS_DEPLOYMENT_TARGET = 17.0;
				LOCALIZATION_PREFERS_STRING_CATALOGS = YES;
				MTL_ENABLE_DEBUG_INFO = INCLUDE_SOURCE;
				MTL_FAST_MATH = YES;
				ONLY_ACTIVE_ARCH = YES;
				SDKROOT = iphoneos;
				SWIFT_ACTIVE_COMPILATION_CONDITIONS = "DEBUG $(inherited)";
				SWIFT_OPTIMIZATION_LEVEL = "-Onone";
			};
			name = Debug;
		};
		C5194CEA2AF437BB0004F64E /* Release */ = {
			isa = XCBuildConfiguration;
			buildSettings = {
				ALWAYS_SEARCH_USER_PATHS = NO;
				ASSETCATALOG_COMPILER_GENERATE_SWIFT_ASSET_SYMBOL_EXTENSIONS = YES;
				CLANG_ANALYZER_NONNULL = YES;
				CLANG_ANALYZER_NUMBER_OBJECT_CONVERSION = YES_AGGRESSIVE;
				CLANG_CXX_LANGUAGE_STANDARD = "gnu++20";
				CLANG_ENABLE_MODULES = YES;
				CLANG_ENABLE_OBJC_ARC = YES;
				CLANG_ENABLE_OBJC_WEAK = YES;
				CLANG_WARN_BLOCK_CAPTURE_AUTORELEASING = YES;
				CLANG_WARN_BOOL_CONVERSION = YES;
				CLANG_WARN_COMMA = YES;
				CLANG_WARN_CONSTANT_CONVERSION = YES;
				CLANG_WARN_DEPRECATED_OBJC_IMPLEMENTATIONS = YES;
				CLANG_WARN_DIRECT_OBJC_ISA_USAGE = YES_ERROR;
				CLANG_WARN_DOCUMENTATION_COMMENTS = YES;
				CLANG_WARN_EMPTY_BODY = YES;
				CLANG_WARN_ENUM_CONVERSION = YES;
				CLANG_WARN_INFINITE_RECURSION = YES;
				CLANG_WARN_INT_CONVERSION = YES;
				CLANG_WARN_NON_LITERAL_NULL_CONVERSION = YES;
				CLANG_WARN_OBJC_IMPLICIT_RETAIN_SELF = YES;
				CLANG_WARN_OBJC_LITERAL_CONVERSION = YES;
				CLANG_WARN_OBJC_ROOT_CLASS = YES_ERROR;
				CLANG_WARN_QUOTED_INCLUDE_IN_FRAMEWORK_HEADER = YES;
				CLANG_WARN_RANGE_LOOP_ANALYSIS = YES;
				CLANG_WARN_STRICT_PROTOTYPES = YES;
				CLANG_WARN_SUSPICIOUS_MOVE = YES;
				CLANG_WARN_UNGUARDED_AVAILABILITY = YES_AGGRESSIVE;
				CLANG_WARN_UNREACHABLE_CODE = YES;
				CLANG_WARN__DUPLICATE_METHOD_MATCH = YES;
				COPY_PHASE_STRIP = NO;
				DEBUG_INFORMATION_FORMAT = "dwarf-with-dsym";
				ENABLE_NS_ASSERTIONS = NO;
				ENABLE_STRICT_OBJC_MSGSEND = YES;
				ENABLE_USER_SCRIPT_SANDBOXING = YES;
				GCC_C_LANGUAGE_STANDARD = gnu17;
				GCC_NO_COMMON_BLOCKS = YES;
				GCC_WARN_64_TO_32_BIT_CONVERSION = YES;
				GCC_WARN_ABOUT_RETURN_TYPE = YES_ERROR;
				GCC_WARN_UNDECLARED_SELECTOR = YES;
				GCC_WARN_UNINITIALIZED_AUTOS = YES_AGGRESSIVE;
				GCC_WARN_UNUSED_FUNCTION = YES;
				GCC_WARN_UNUSED_VARIABLE = YES;
				IPHONEOS_DEPLOYMENT_TARGET = 17.0;
				LOCALIZATION_PREFERS_STRING_CATALOGS = YES;
				MTL_ENABLE_DEBUG_INFO = NO;
				MTL_FAST_MATH = YES;
				SDKROOT = iphoneos;
				SWIFT_COMPILATION_MODE = wholemodule;
				VALIDATE_PRODUCT = YES;
			};
			name = Release;
		};
		C5194CEC2AF437BB0004F64E /* Debug */ = {
			isa = XCBuildConfiguration;
			buildSettings = {
				ASSETCATALOG_COMPILER_APPICON_NAME = AppIcon;
				ASSETCATALOG_COMPILER_GLOBAL_ACCENT_COLOR_NAME = AccentColor;
				CODE_SIGN_STYLE = Automatic;
				CURRENT_PROJECT_VERSION = 1;
				DEVELOPMENT_TEAM = 769L2N8FTJ;
				GENERATE_INFOPLIST_FILE = YES;
				INFOPLIST_FILE = /Users/sandera/Projects/testApp_UIKit/testApp_UIKit/Info.plist;
				INFOPLIST_KEY_NSContactsUsageDescription = "App want to open Contacts";
				INFOPLIST_KEY_UIApplicationSupportsIndirectInputEvents = YES;
				INFOPLIST_KEY_UILaunchStoryboardName = LaunchScreen;
				INFOPLIST_KEY_UIMainStoryboardFile = Main;
				INFOPLIST_KEY_UISupportedInterfaceOrientations_iPad = "UIInterfaceOrientationPortrait UIInterfaceOrientationPortraitUpsideDown UIInterfaceOrientationLandscapeLeft UIInterfaceOrientationLandscapeRight";
				INFOPLIST_KEY_UISupportedInterfaceOrientations_iPhone = "UIInterfaceOrientationPortrait UIInterfaceOrientationLandscapeLeft UIInterfaceOrientationLandscapeRight";
				LD_RUNPATH_SEARCH_PATHS = (
					"$(inherited)",
					"@executable_path/Frameworks",
				);
				MARKETING_VERSION = 1.0;
				PRODUCT_BUNDLE_IDENTIFIER = "KazennovAI.testApp-UIKit";
				PRODUCT_NAME = "$(TARGET_NAME)";
				SWIFT_EMIT_LOC_STRINGS = YES;
				SWIFT_VERSION = 5.0;
				TARGETED_DEVICE_FAMILY = "1,2";
			};
			name = Debug;
		};
		C5194CED2AF437BB0004F64E /* Release */ = {
			isa = XCBuildConfiguration;
			buildSettings = {
				ASSETCATALOG_COMPILER_APPICON_NAME = AppIcon;
				ASSETCATALOG_COMPILER_GLOBAL_ACCENT_COLOR_NAME = AccentColor;
				CODE_SIGN_STYLE = Automatic;
				CURRENT_PROJECT_VERSION = 1;
				DEVELOPMENT_TEAM = 769L2N8FTJ;
				GENERATE_INFOPLIST_FILE = YES;
				INFOPLIST_FILE = /Users/sandera/Projects/testApp_UIKit/testApp_UIKit/Info.plist;
				INFOPLIST_KEY_NSContactsUsageDescription = "App want to open Contacts";
				INFOPLIST_KEY_UIApplicationSupportsIndirectInputEvents = YES;
				INFOPLIST_KEY_UILaunchStoryboardName = LaunchScreen;
				INFOPLIST_KEY_UIMainStoryboardFile = Main;
				INFOPLIST_KEY_UISupportedInterfaceOrientations_iPad = "UIInterfaceOrientationPortrait UIInterfaceOrientationPortraitUpsideDown UIInterfaceOrientationLandscapeLeft UIInterfaceOrientationLandscapeRight";
				INFOPLIST_KEY_UISupportedInterfaceOrientations_iPhone = "UIInterfaceOrientationPortrait UIInterfaceOrientationLandscapeLeft UIInterfaceOrientationLandscapeRight";
				LD_RUNPATH_SEARCH_PATHS = (
					"$(inherited)",
					"@executable_path/Frameworks",
				);
				MARKETING_VERSION = 1.0;
				PRODUCT_BUNDLE_IDENTIFIER = "KazennovAI.testApp-UIKit";
				PRODUCT_NAME = "$(TARGET_NAME)";
				SWIFT_EMIT_LOC_STRINGS = YES;
				SWIFT_VERSION = 5.0;
				TARGETED_DEVICE_FAMILY = "1,2";
			};
			name = Release;
		};
/* End XCBuildConfiguration section */

/* Begin XCConfigurationList section */
		C5194CD22AF437B90004F64E /* Build configuration list for PBXProject "testApp_UIKit" */ = {
			isa = XCConfigurationList;
			buildConfigurations = (
				C5194CE92AF437BB0004F64E /* Debug */,
				C5194CEA2AF437BB0004F64E /* Release */,
			);
			defaultConfigurationIsVisible = 0;
			defaultConfigurationName = Release;
		};
		C5194CEB2AF437BB0004F64E /* Build configuration list for PBXNativeTarget "testApp_UIKit" */ = {
			isa = XCConfigurationList;
			buildConfigurations = (
				C5194CEC2AF437BB0004F64E /* Debug */,
				C5194CED2AF437BB0004F64E /* Release */,
			);
			defaultConfigurationIsVisible = 0;
			defaultConfigurationName = Release;
		};
/* End XCConfigurationList section */
	};
	rootObject = C5194CCF2AF437B90004F64E /* Project object */;
}
